
Microsoft Visual Studio Solution File, Format Version 12.00
# Visual Studio Version 17
VisualStudioVersion = 17.0.31903.59
MinimumVisualStudioVersion = 10.0.40219.1
Project("{2150E333-8FDC-42A3-9474-1A3956D46DE8}") = "src", "src", "{827E0CD3-B72D-47B6-A68D-7590B98EB39B}"
EndProject
Project("{FAE04EC0-301F-11D3-BF4B-00C04F79EFBC}") = "ShellApp", "src\ShellApp\ShellApp.csproj", "{44B89D92-4A76-4BA3-B73B-83476719CD4A}"
EndProject
Project("{FAE04EC0-301F-11D3-BF4B-00C04F79EFBC}") = "Plugin.Abstractions", "src\Plugin.Abstractions\Plugin.Abstractions.csproj", "{1BD1C9BF-6A60-40B1-9630-3BCDB92D98C5}"
EndProject
Project("{FAE04EC0-301F-11D3-BF4B-00C04F79EFBC}") = "Plugin.ExcelFormatter", "src\Plugins\Plugin.ExcelFormatter\Plugin.ExcelFormatter.csproj", "{437B694F-5EC9-4267-A2BB-3D8C02F541F5}"
EndProject
Project("{FAE04EC0-301F-11D3-BF4B-00C04F79EFBC}") = "Plugin.SampleB", "src\Plugins\Plugin.SampleB\Plugin.SampleB.csproj", "{9E6A653F-58DC-41C6-A2C2-0629D15A7307}"
EndProject
Project("{FAE04EC0-301F-11D3-BF4B-00C04F79EFBC}") = "Plugin.PostgreCompare", "src\Plugins\Plugin.PostgreCompare\Plugin.PostgreCompare.csproj", "{D8F1AE8E-9FCE-4E3D-91C3-7D0C6E5FB43F}"
EndProject
Project("{FAE04EC0-301F-11D3-BF4B-00C04F79EFBC}") = "Plugin.PixelCompare", "src\Plugins\Plugin.PixelCompare\Plugin.PixelCompare.csproj", "{A65EC31A-53F2-4B26-AF77-A4B8A96CC352}"
EndProject
Project("{2150E333-8FDC-42A3-9474-1A3956D46DE8}") = "Plugins", "Plugins", "{58D3A2C3-F96F-5E57-2C6B-ECE59D6A18FC}"
EndProject
Project("{FAE04EC0-301F-11D3-BF4B-00C04F79EFBC}") = "Plugin.ReviewCheck", "src\Plugins\Plugin.ReviewCheck\Plugin.ReviewCheck.csproj", "{A3765AF2-6106-43F8-AC3C-3EA49BF0D688}"
EndProject
Project("{FAE04EC0-301F-11D3-BF4B-00C04F79EFBC}") = "Plugin.InputRecorder", "src\Plugins\Plugin.InputRecorder\Plugin.InputRecorder.csproj", "{EE1ABDE0-1A2B-4A1B-8B1D-67890ABCDEF0}"
EndProject
Global
	GlobalSection(SolutionConfigurationPlatforms) = preSolution
		Debug|Any CPU = Debug|Any CPU
		Debug|x64 = Debug|x64
		Debug|x86 = Debug|x86
		Release|Any CPU = Release|Any CPU
		Release|x64 = Release|x64
		Release|x86 = Release|x86
	EndGlobalSection
	GlobalSection(ProjectConfigurationPlatforms) = postSolution
		{44B89D92-4A76-4BA3-B73B-83476719CD4A}.Debug|Any CPU.ActiveCfg = Debug|Any CPU
		{44B89D92-4A76-4BA3-B73B-83476719CD4A}.Debug|Any CPU.Build.0 = Debug|Any CPU
		{44B89D92-4A76-4BA3-B73B-83476719CD4A}.Debug|x64.ActiveCfg = Debug|Any CPU
		{44B89D92-4A76-4BA3-B73B-83476719CD4A}.Debug|x64.Build.0 = Debug|Any CPU
		{44B89D92-4A76-4BA3-B73B-83476719CD4A}.Debug|x86.ActiveCfg = Debug|Any CPU
		{44B89D92-4A76-4BA3-B73B-83476719CD4A}.Debug|x86.Build.0 = Debug|Any CPU
		{44B89D92-4A76-4BA3-B73B-83476719CD4A}.Release|Any CPU.ActiveCfg = Release|Any CPU
		{44B89D92-4A76-4BA3-B73B-83476719CD4A}.Release|Any CPU.Build.0 = Release|Any CPU
		{44B89D92-4A76-4BA3-B73B-83476719CD4A}.Release|x64.ActiveCfg = Release|Any CPU
		{44B89D92-4A76-4BA3-B73B-83476719CD4A}.Release|x64.Build.0 = Release|Any CPU
		{44B89D92-4A76-4BA3-B73B-83476719CD4A}.Release|x86.ActiveCfg = Release|Any CPU
		{44B89D92-4A76-4BA3-B73B-83476719CD4A}.Release|x86.Build.0 = Release|Any CPU
		{1BD1C9BF-6A60-40B1-9630-3BCDB92D98C5}.Debug|Any CPU.ActiveCfg = Debug|Any CPU
		{1BD1C9BF-6A60-40B1-9630-3BCDB92D98C5}.Debug|Any CPU.Build.0 = Debug|Any CPU
		{1BD1C9BF-6A60-40B1-9630-3BCDB92D98C5}.Debug|x64.ActiveCfg = Debug|Any CPU
		{1BD1C9BF-6A60-40B1-9630-3BCDB92D98C5}.Debug|x64.Build.0 = Debug|Any CPU
		{1BD1C9BF-6A60-40B1-9630-3BCDB92D98C5}.Debug|x86.ActiveCfg = Debug|Any CPU
		{1BD1C9BF-6A60-40B1-9630-3BCDB92D98C5}.Debug|x86.Build.0 = Debug|Any CPU
		{1BD1C9BF-6A60-40B1-9630-3BCDB92D98C5}.Release|Any CPU.ActiveCfg = Release|Any CPU
		{1BD1C9BF-6A60-40B1-9630-3BCDB92D98C5}.Release|Any CPU.Build.0 = Release|Any CPU
		{1BD1C9BF-6A60-40B1-9630-3BCDB92D98C5}.Release|x64.ActiveCfg = Release|Any CPU
		{1BD1C9BF-6A60-40B1-9630-3BCDB92D98C5}.Release|x64.Build.0 = Release|Any CPU
		{1BD1C9BF-6A60-40B1-9630-3BCDB92D98C5}.Release|x86.ActiveCfg = Release|Any CPU
		{1BD1C9BF-6A60-40B1-9630-3BCDB92D98C5}.Release|x86.Build.0 = Release|Any CPU
		{437B694F-5EC9-4267-A2BB-3D8C02F541F5}.Debug|Any CPU.ActiveCfg = Debug|Any CPU
		{437B694F-5EC9-4267-A2BB-3D8C02F541F5}.Debug|Any CPU.Build.0 = Debug|Any CPU
		{437B694F-5EC9-4267-A2BB-3D8C02F541F5}.Debug|x64.ActiveCfg = Debug|Any CPU
		{437B694F-5EC9-4267-A2BB-3D8C02F541F5}.Debug|x64.Build.0 = Debug|Any CPU
		{437B694F-5EC9-4267-A2BB-3D8C02F541F5}.Debug|x86.ActiveCfg = Debug|Any CPU
		{437B694F-5EC9-4267-A2BB-3D8C02F541F5}.Debug|x86.Build.0 = Debug|Any CPU
		{437B694F-5EC9-4267-A2BB-3D8C02F541F5}.Release|Any CPU.ActiveCfg = Release|Any CPU
		{437B694F-5EC9-4267-A2BB-3D8C02F541F5}.Release|Any CPU.Build.0 = Release|Any CPU
		{437B694F-5EC9-4267-A2BB-3D8C02F541F5}.Release|x64.ActiveCfg = Release|Any CPU
		{437B694F-5EC9-4267-A2BB-3D8C02F541F5}.Release|x64.Build.0 = Release|Any CPU
		{437B694F-5EC9-4267-A2BB-3D8C02F541F5}.Release|x86.ActiveCfg = Release|Any CPU
		{437B694F-5EC9-4267-A2BB-3D8C02F541F5}.Release|x86.Build.0 = Release|Any CPU
		{9E6A653F-58DC-41C6-A2C2-0629D15A7307}.Debug|Any CPU.ActiveCfg = Debug|Any CPU
		{9E6A653F-58DC-41C6-A2C2-0629D15A7307}.Debug|Any CPU.Build.0 = Debug|Any CPU
		{9E6A653F-58DC-41C6-A2C2-0629D15A7307}.Debug|x64.ActiveCfg = Debug|Any CPU
		{9E6A653F-58DC-41C6-A2C2-0629D15A7307}.Debug|x64.Build.0 = Debug|Any CPU
		{9E6A653F-58DC-41C6-A2C2-0629D15A7307}.Debug|x86.ActiveCfg = Debug|Any CPU
		{9E6A653F-58DC-41C6-A2C2-0629D15A7307}.Debug|x86.Build.0 = Debug|Any CPU
		{9E6A653F-58DC-41C6-A2C2-0629D15A7307}.Release|Any CPU.ActiveCfg = Release|Any CPU
		{9E6A653F-58DC-41C6-A2C2-0629D15A7307}.Release|Any CPU.Build.0 = Release|Any CPU
		{9E6A653F-58DC-41C6-A2C2-0629D15A7307}.Release|x64.ActiveCfg = Release|Any CPU
		{9E6A653F-58DC-41C6-A2C2-0629D15A7307}.Release|x64.Build.0 = Release|Any CPU
		{9E6A653F-58DC-41C6-A2C2-0629D15A7307}.Release|x86.ActiveCfg = Release|Any CPU
		{9E6A653F-58DC-41C6-A2C2-0629D15A7307}.Release|x86.Build.0 = Release|Any CPU
		{D8F1AE8E-9FCE-4E3D-91C3-7D0C6E5FB43F}.Debug|Any CPU.ActiveCfg = Debug|Any CPU
		{D8F1AE8E-9FCE-4E3D-91C3-7D0C6E5FB43F}.Debug|Any CPU.Build.0 = Debug|Any CPU
		{D8F1AE8E-9FCE-4E3D-91C3-7D0C6E5FB43F}.Debug|x64.ActiveCfg = Debug|Any CPU
		{D8F1AE8E-9FCE-4E3D-91C3-7D0C6E5FB43F}.Debug|x64.Build.0 = Debug|Any CPU
		{D8F1AE8E-9FCE-4E3D-91C3-7D0C6E5FB43F}.Debug|x86.ActiveCfg = Debug|Any CPU
		{D8F1AE8E-9FCE-4E3D-91C3-7D0C6E5FB43F}.Debug|x86.Build.0 = Debug|Any CPU
		{D8F1AE8E-9FCE-4E3D-91C3-7D0C6E5FB43F}.Release|Any CPU.ActiveCfg = Release|Any CPU
		{D8F1AE8E-9FCE-4E3D-91C3-7D0C6E5FB43F}.Release|Any CPU.Build.0 = Release|Any CPU
		{D8F1AE8E-9FCE-4E3D-91C3-7D0C6E5FB43F}.Release|x64.ActiveCfg = Release|Any CPU
		{D8F1AE8E-9FCE-4E3D-91C3-7D0C6E5FB43F}.Release|x64.Build.0 = Release|Any CPU
		{D8F1AE8E-9FCE-4E3D-91C3-7D0C6E5FB43F}.Release|x86.ActiveCfg = Release|Any CPU
		{D8F1AE8E-9FCE-4E3D-91C3-7D0C6E5FB43F}.Release|x86.Build.0 = Release|Any CPU
		{A65EC31A-53F2-4B26-AF77-A4B8A96CC352}.Debug|Any CPU.ActiveCfg = Debug|Any CPU
		{A65EC31A-53F2-4B26-AF77-A4B8A96CC352}.Debug|Any CPU.Build.0 = Debug|Any CPU
		{A65EC31A-53F2-4B26-AF77-A4B8A96CC352}.Debug|x64.ActiveCfg = Debug|Any CPU
		{A65EC31A-53F2-4B26-AF77-A4B8A96CC352}.Debug|x64.Build.0 = Debug|Any CPU
		{A65EC31A-53F2-4B26-AF77-A4B8A96CC352}.Debug|x86.ActiveCfg = Debug|Any CPU
		{A65EC31A-53F2-4B26-AF77-A4B8A96CC352}.Debug|x86.Build.0 = Debug|Any CPU
		{A65EC31A-53F2-4B26-AF77-A4B8A96CC352}.Release|Any CPU.ActiveCfg = Release|Any CPU
		{A65EC31A-53F2-4B26-AF77-A4B8A96CC352}.Release|Any CPU.Build.0 = Release|Any CPU
		{A65EC31A-53F2-4B26-AF77-A4B8A96CC352}.Release|x64.ActiveCfg = Release|Any CPU
		{A65EC31A-53F2-4B26-AF77-A4B8A96CC352}.Release|x64.Build.0 = Release|Any CPU
		{A65EC31A-53F2-4B26-AF77-A4B8A96CC352}.Release|x86.ActiveCfg = Release|Any CPU
		{A65EC31A-53F2-4B26-AF77-A4B8A96CC352}.Release|x86.Build.0 = Release|Any CPU
		{A3765AF2-6106-43F8-AC3C-3EA49BF0D688}.Debug|Any CPU.ActiveCfg = Debug|Any CPU
		{A3765AF2-6106-43F8-AC3C-3EA49BF0D688}.Debug|Any CPU.Build.0 = Debug|Any CPU
		{A3765AF2-6106-43F8-AC3C-3EA49BF0D688}.Debug|x64.ActiveCfg = Debug|Any CPU
		{A3765AF2-6106-43F8-AC3C-3EA49BF0D688}.Debug|x64.Build.0 = Debug|Any CPU
		{A3765AF2-6106-43F8-AC3C-3EA49BF0D688}.Debug|x86.ActiveCfg = Debug|Any CPU
		{A3765AF2-6106-43F8-AC3C-3EA49BF0D688}.Debug|x86.Build.0 = Debug|Any CPU
		{A3765AF2-6106-43F8-AC3C-3EA49BF0D688}.Release|Any CPU.ActiveCfg = Release|Any CPU
		{A3765AF2-6106-43F8-AC3C-3EA49BF0D688}.Release|Any CPU.Build.0 = Release|Any CPU
		{A3765AF2-6106-43F8-AC3C-3EA49BF0D688}.Release|x64.ActiveCfg = Release|Any CPU
		{A3765AF2-6106-43F8-AC3C-3EA49BF0D688}.Release|x64.Build.0 = Release|Any CPU
		{A3765AF2-6106-43F8-AC3C-3EA49BF0D688}.Release|x86.ActiveCfg = Release|Any CPU
		{A3765AF2-6106-43F8-AC3C-3EA49BF0D688}.Release|x86.Build.0 = Release|Any CPU
		{EE1ABDE0-1A2B-4A1B-8B1D-67890ABCDEF0}.Debug|Any CPU.ActiveCfg = Debug|Any CPU
		{EE1ABDE0-1A2B-4A1B-8B1D-67890ABCDEF0}.Debug|Any CPU.Build.0 = Debug|Any CPU
		{EE1ABDE0-1A2B-4A1B-8B1D-67890ABCDEF0}.Debug|x64.ActiveCfg = Debug|Any CPU
		{EE1ABDE0-1A2B-4A1B-8B1D-67890ABCDEF0}.Debug|x64.Build.0 = Debug|Any CPU
		{EE1ABDE0-1A2B-4A1B-8B1D-67890ABCDEF0}.Debug|x86.ActiveCfg = Debug|Any CPU
		{EE1ABDE0-1A2B-4A1B-8B1D-67890ABCDEF0}.Debug|x86.Build.0 = Debug|Any CPU
		{EE1ABDE0-1A2B-4A1B-8B1D-67890ABCDEF0}.Release|Any CPU.ActiveCfg = Release|Any CPU
		{EE1ABDE0-1A2B-4A1B-8B1D-67890ABCDEF0}.Release|Any CPU.Build.0 = Release|Any CPU
		{EE1ABDE0-1A2B-4A1B-8B1D-67890ABCDEF0}.Release|x64.ActiveCfg = Release|Any CPU
		{EE1ABDE0-1A2B-4A1B-8B1D-67890ABCDEF0}.Release|x64.Build.0 = Release|Any CPU
		{EE1ABDE0-1A2B-4A1B-8B1D-67890ABCDEF0}.Release|x86.ActiveCfg = Release|Any CPU
		{EE1ABDE0-1A2B-4A1B-8B1D-67890ABCDEF0}.Release|x86.Build.0 = Release|Any CPU
	EndGlobalSection
	GlobalSection(SolutionProperties) = preSolution
		HideSolutionNode = FALSE
	EndGlobalSection
	GlobalSection(NestedProjects) = preSolution
		{44B89D92-4A76-4BA3-B73B-83476719CD4A} = {827E0CD3-B72D-47B6-A68D-7590B98EB39B}
		{1BD1C9BF-6A60-40B1-9630-3BCDB92D98C5} = {827E0CD3-B72D-47B6-A68D-7590B98EB39B}
		{437B694F-5EC9-4267-A2BB-3D8C02F541F5} = {58D3A2C3-F96F-5E57-2C6B-ECE59D6A18FC}
		{9E6A653F-58DC-41C6-A2C2-0629D15A7307} = {58D3A2C3-F96F-5E57-2C6B-ECE59D6A18FC}
		{D8F1AE8E-9FCE-4E3D-91C3-7D0C6E5FB43F} = {58D3A2C3-F96F-5E57-2C6B-ECE59D6A18FC}
		{A65EC31A-53F2-4B26-AF77-A4B8A96CC352} = {58D3A2C3-F96F-5E57-2C6B-ECE59D6A18FC}
		{58D3A2C3-F96F-5E57-2C6B-ECE59D6A18FC} = {827E0CD3-B72D-47B6-A68D-7590B98EB39B}
		{A3765AF2-6106-43F8-AC3C-3EA49BF0D688} = {58D3A2C3-F96F-5E57-2C6B-ECE59D6A18FC}
		{EE1ABDE0-1A2B-4A1B-8B1D-67890ABCDEF0} = {58D3A2C3-F96F-5E57-2C6B-ECE59D6A18FC}
	EndGlobalSection
EndGlobal
